
Microsoft Visual Studio Solution File, Format Version 12.00
# Visual Studio Version 17
VisualStudioVersion = 17.14.36221.1 d17.14
MinimumVisualStudioVersion = 10.0.40219.1
Project("{FAE04EC0-301F-11D3-BF4B-00C04F79EFBC}") = "WebExtension", "WebExtension.csproj", "{A996E613-DDEB-473C-9ACC-302971116235}"
EndProject
Global
	GlobalSection(SolutionConfigurationPlatforms) = preSolution
		Debug|Any CPU = Debug|Any CPU
		Release|Any CPU = Release|Any CPU
	EndGlobalSection
	GlobalSection(ProjectConfigurationPlatforms) = postSolution
		{A996E613-DDEB-473C-9ACC-302971116235}.Debug|Any CPU.ActiveCfg = Debug|Any CPU
		{A996E613-DDEB-473C-9ACC-302971116235}.Debug|Any CPU.Build.0 = Debug|Any CPU
		{A996E613-DDEB-473C-9ACC-302971116235}.Release|Any CPU.ActiveCfg = Release|Any CPU
		{A996E613-DDEB-473C-9ACC-302971116235}.Release|Any CPU.Build.0 = Release|Any CPU
	EndGlobalSection
	GlobalSection(SolutionProperties) = preSolution
		HideSolutionNode = FALSE
	EndGlobalSection
	GlobalSection(ExtensibilityGlobals) = postSolution
		SolutionGuid = {E012FB70-9FB1-4B77-9549-483D284CD0E2}
	EndGlobalSection
EndGlobal
